
Microsoft Visual Studio Solution File, Format Version 12.00
# Visual Studio Version 16
VisualStudioVersion = 16.0.31005.135
MinimumVisualStudioVersion = 10.0.40219.1
Project("{FAE04EC0-301F-11D3-BF4B-00C04F79EFBC}") = "GetMethotApi", "GetMethotApi\GetMethotApi.csproj", "{24DA4982-D10B-4F79-A44B-68FFD378DB3D}"
EndProject
Global
	GlobalSection(SolutionConfigurationPlatforms) = preSolution
		Debug|Any CPU = Debug|Any CPU
		Release|Any CPU = Release|Any CPU
	EndGlobalSection
	GlobalSection(ProjectConfigurationPlatforms) = postSolution
		{24DA4982-D10B-4F79-A44B-68FFD378DB3D}.Debug|Any CPU.ActiveCfg = Debug|Any CPU
		{24DA4982-D10B-4F79-A44B-68FFD378DB3D}.Debug|Any CPU.Build.0 = Debug|Any CPU
		{24DA4982-D10B-4F79-A44B-68FFD378DB3D}.Release|Any CPU.ActiveCfg = Release|Any CPU
		{24DA4982-D10B-4F79-A44B-68FFD378DB3D}.Release|Any CPU.Build.0 = Release|Any CPU
	EndGlobalSection
	GlobalSection(SolutionProperties) = preSolution
		HideSolutionNode = FALSE
	EndGlobalSection
	GlobalSection(ExtensibilityGlobals) = postSolution
		SolutionGuid = {AA7F131B-A976-434A-BB04-B42724E8D223}
	EndGlobalSection
EndGlobal
